
Microsoft Visual Studio Solution File, Format Version 12.00
# Visual Studio Version 17
VisualStudioVersion = 17.0.31903.59
MinimumVisualStudioVersion = 10.0.40219.1
Project("{FAE04EC0-301F-11D3-BF4B-00C04F79EFBC}") = "DimonSmart.TinyBenchmark", "DimonSmart.TinyBenchmark\DimonSmart.TinyBenchmark.csproj", "{45A7DE9C-18DE-4658-8BEA-A9D324D63CB9}"
EndProject
Project("{FAE04EC0-301F-11D3-BF4B-00C04F79EFBC}") = "DimonSmart.TinyBenchmarkTests", "DimonSmart.TinyBenchmarkTests\DimonSmart.TinyBenchmarkTests.csproj", "{722FF180-FF58-492D-BC51-7B821342E98C}"
EndProject
Global
	GlobalSection(SolutionConfigurationPlatforms) = preSolution
		Debug|Any CPU = Debug|Any CPU
		Release|Any CPU = Release|Any CPU
	EndGlobalSection
	GlobalSection(SolutionProperties) = preSolution
		HideSolutionNode = FALSE
	EndGlobalSection
	GlobalSection(ProjectConfigurationPlatforms) = postSolution
		{45A7DE9C-18DE-4658-8BEA-A9D324D63CB9}.Debug|Any CPU.ActiveCfg = Debug|Any CPU
		{45A7DE9C-18DE-4658-8BEA-A9D324D63CB9}.Debug|Any CPU.Build.0 = Debug|Any CPU
		{45A7DE9C-18DE-4658-8BEA-A9D324D63CB9}.Release|Any CPU.ActiveCfg = Release|Any CPU
		{45A7DE9C-18DE-4658-8BEA-A9D324D63CB9}.Release|Any CPU.Build.0 = Release|Any CPU
		{722FF180-FF58-492D-BC51-7B821342E98C}.Debug|Any CPU.ActiveCfg = Debug|Any CPU
		{722FF180-FF58-492D-BC51-7B821342E98C}.Debug|Any CPU.Build.0 = Debug|Any CPU
		{722FF180-FF58-492D-BC51-7B821342E98C}.Release|Any CPU.ActiveCfg = Release|Any CPU
		{722FF180-FF58-492D-BC51-7B821342E98C}.Release|Any CPU.Build.0 = Release|Any CPU
	EndGlobalSection
EndGlobal
